
Microsoft Visual Studio Solution File, Format Version 12.00
# Visual Studio 14
VisualStudioVersion = 14.0.25420.1
MinimumVisualStudioVersion = 10.0.40219.1
Project("{FAE04EC0-301F-11D3-BF4B-00C04F79EFBC}") = "ToDoApplication", "ToDoApplication\ToDoApplication.csproj", "{B55D90F3-751D-459B-83F7-814B74AC744F}"
EndProject
Project("{FAE04EC0-301F-11D3-BF4B-00C04F79EFBC}") = "ToDoData", "ToDoData\ToDoData.csproj", "{83241590-69A0-46F5-A028-04DD174FCEDE}"
EndProject
Global
	GlobalSection(SolutionConfigurationPlatforms) = preSolution
		Debug|Any CPU = Debug|Any CPU
		Release|Any CPU = Release|Any CPU
	EndGlobalSection
	GlobalSection(ProjectConfigurationPlatforms) = postSolution
		{B55D90F3-751D-459B-83F7-814B74AC744F}.Debug|Any CPU.ActiveCfg = Debug|Any CPU
		{B55D90F3-751D-459B-83F7-814B74AC744F}.Debug|Any CPU.Build.0 = Debug|Any CPU
		{B55D90F3-751D-459B-83F7-814B74AC744F}.Release|Any CPU.ActiveCfg = Release|Any CPU
		{B55D90F3-751D-459B-83F7-814B74AC744F}.Release|Any CPU.Build.0 = Release|Any CPU
		{83241590-69A0-46F5-A028-04DD174FCEDE}.Debug|Any CPU.ActiveCfg = Debug|Any CPU
		{83241590-69A0-46F5-A028-04DD174FCEDE}.Debug|Any CPU.Build.0 = Debug|Any CPU
		{83241590-69A0-46F5-A028-04DD174FCEDE}.Release|Any CPU.ActiveCfg = Release|Any CPU
		{83241590-69A0-46F5-A028-04DD174FCEDE}.Release|Any CPU.Build.0 = Release|Any CPU
	EndGlobalSection
	GlobalSection(SolutionProperties) = preSolution
		HideSolutionNode = FALSE
	EndGlobalSection
EndGlobal
